{
  "name": "marengo",
  "version": "2.0.1",
  "lockfileVersion": 1,
  "requires": true,
  "dependencies": {
    "lodash": {
      "version": "4.17.10",
      "resolved": "https://registry.npmjs.org/lodash/-/lodash-4.17.10.tgz",
      "integrity": "sha512-UejweD1pDoXu+AD825lWwp4ZGtSwgnpZxb3JDViD7StjQz+Nb/6l093lx4OQ0foGWNRoc19mWy7BzL+UAK2iVg=="
    },
    "moon-helper": {
      "version": "0.0.4",
      "resolved": "https://registry.npmjs.org/moon-helper/-/moon-helper-0.0.4.tgz",
      "integrity": "sha512-kqDHtm+mQuGQ+l+Nm94y9X75Yl8l7qeHjTItLuMqWaqXLtI6+gIX4cJcMzUbcwZVaQyhJaOdhtB14buqN2rb9Q==",
      "requires": {
        "lodash": "4.17.10"
      }
    },
    "vue": {
      "version": "2.5.16",
      "resolved": "https://registry.npmjs.org/vue/-/vue-2.5.16.tgz",
      "integrity": "sha512-/ffmsiVuPC8PsWcFkZngdpas19ABm5mh2wA7iDqcltyCTwlgZjHGeJYOXkBMo422iPwIcviOtrTCUpSfXmToLQ=="
    },
    "vue-router": {
      "version": "3.0.1",
      "resolved": "https://registry.npmjs.org/vue-router/-/vue-router-3.0.1.tgz",
      "integrity": "sha512-vLLoY452L+JBpALMP5UHum9+7nzR9PeIBCghU9ZtJ1eWm6ieUI8Zb/DI3MYxH32bxkjzYV1LRjNv4qr8d+uX/w=="
    },
    "vuex": {
      "version": "3.0.1",
      "resolved": "https://registry.npmjs.org/vuex/-/vuex-3.0.1.tgz",
      "integrity": "sha512-wLoqz0B7DSZtgbWL1ShIBBCjv22GV5U+vcBFox658g6V0s4wZV9P4YjCNyoHSyIBpj1f29JBoNQIqD82cR4O3w=="
    }
  }
}
